
Microsoft Visual Studio Solution File, Format Version 12.00
# Visual Studio Version 17
VisualStudioVersion = 17.14.36518.9 d17.14
MinimumVisualStudioVersion = 10.0.40219.1
Project("{FAE04EC0-301F-11D3-BF4B-00C04F79EFBC}") = "PIMIV", "PIMIV.csproj", "{B333AC58-B255-56A6-BC13-E6D98354DD7F}"
EndProject
Global
	GlobalSection(SolutionConfigurationPlatforms) = preSolution
		Debug|Any CPU = Debug|Any CPU
		Release|Any CPU = Release|Any CPU
	EndGlobalSection
	GlobalSection(ProjectConfigurationPlatforms) = postSolution
		{B333AC58-B255-56A6-BC13-E6D98354DD7F}.Debug|Any CPU.ActiveCfg = Debug|Any CPU
		{B333AC58-B255-56A6-BC13-E6D98354DD7F}.Debug|Any CPU.Build.0 = Debug|Any CPU
		{B333AC58-B255-56A6-BC13-E6D98354DD7F}.Release|Any CPU.ActiveCfg = Release|Any CPU
		{B333AC58-B255-56A6-BC13-E6D98354DD7F}.Release|Any CPU.Build.0 = Release|Any CPU
	EndGlobalSection
	GlobalSection(SolutionProperties) = preSolution
		HideSolutionNode = FALSE
	EndGlobalSection
	GlobalSection(ExtensibilityGlobals) = postSolution
		SolutionGuid = {E193788A-AB94-4A45-B961-03D812C4CDB0}
	EndGlobalSection
EndGlobal
